
Microsoft Visual Studio Solution File, Format Version 12.00
# Visual Studio Version 17
VisualStudioVersion = 17.14.36109.1
MinimumVisualStudioVersion = 10.0.40219.1
Project("{FAE04EC0-301F-11D3-BF4B-00C04F79EFBC}") = "TrackerUI", "TrackerUI\TrackerUI.csproj", "{ACB5D928-87FA-4719-B958-3E3BCBDBD1A6}"
EndProject
Project("{00D1A9C2-B5F0-4AF3-8072-F6C62B433612}") = "TrackerSQL", "TrackerSQL\TrackerSQL.sqlproj", "{64DF5F1C-C5E2-4BFC-95F0-3B156A96FF65}"
EndProject
Project("{FAE04EC0-301F-11D3-BF4B-00C04F79EFBC}") = "TrackerLibrary", "TrackerLibrary\TrackerLibrary.csproj", "{F9D031B4-98D8-44AE-8908-024770DD5A14}"
EndProject
Global
	GlobalSection(SolutionConfigurationPlatforms) = preSolution
		Debug|Any CPU = Debug|Any CPU
		Release|Any CPU = Release|Any CPU
	EndGlobalSection
	GlobalSection(ProjectConfigurationPlatforms) = postSolution
		{ACB5D928-87FA-4719-B958-3E3BCBDBD1A6}.Debug|Any CPU.ActiveCfg = Debug|Any CPU
		{ACB5D928-87FA-4719-B958-3E3BCBDBD1A6}.Debug|Any CPU.Build.0 = Debug|Any CPU
		{ACB5D928-87FA-4719-B958-3E3BCBDBD1A6}.Release|Any CPU.ActiveCfg = Release|Any CPU
		{ACB5D928-87FA-4719-B958-3E3BCBDBD1A6}.Release|Any CPU.Build.0 = Release|Any CPU
		{64DF5F1C-C5E2-4BFC-95F0-3B156A96FF65}.Debug|Any CPU.ActiveCfg = Debug|Any CPU
		{64DF5F1C-C5E2-4BFC-95F0-3B156A96FF65}.Debug|Any CPU.Build.0 = Debug|Any CPU
		{64DF5F1C-C5E2-4BFC-95F0-3B156A96FF65}.Debug|Any CPU.Deploy.0 = Debug|Any CPU
		{64DF5F1C-C5E2-4BFC-95F0-3B156A96FF65}.Release|Any CPU.ActiveCfg = Release|Any CPU
		{64DF5F1C-C5E2-4BFC-95F0-3B156A96FF65}.Release|Any CPU.Build.0 = Release|Any CPU
		{64DF5F1C-C5E2-4BFC-95F0-3B156A96FF65}.Release|Any CPU.Deploy.0 = Release|Any CPU
		{F9D031B4-98D8-44AE-8908-024770DD5A14}.Debug|Any CPU.ActiveCfg = Debug|Any CPU
		{F9D031B4-98D8-44AE-8908-024770DD5A14}.Debug|Any CPU.Build.0 = Debug|Any CPU
		{F9D031B4-98D8-44AE-8908-024770DD5A14}.Release|Any CPU.ActiveCfg = Release|Any CPU
		{F9D031B4-98D8-44AE-8908-024770DD5A14}.Release|Any CPU.Build.0 = Release|Any CPU
	EndGlobalSection
	GlobalSection(SolutionProperties) = preSolution
		HideSolutionNode = FALSE
	EndGlobalSection
	GlobalSection(ExtensibilityGlobals) = postSolution
		SolutionGuid = {7E01286F-5335-400E-BE0C-03F4237BF641}
	EndGlobalSection
EndGlobal
